
Microsoft Visual Studio Solution File, Format Version 12.00
# Visual Studio 2012
Project("{FAE04EC0-301F-11D3-BF4B-00C04F79EFBC}") = "Point3D, Paths, DistCalc", "01. Point3D\Point3D, Paths, DistCalc.csproj", "{C5316579-AF4E-4DD4-94D1-FB1A1FB90683}"
EndProject
Project("{FAE04EC0-301F-11D3-BF4B-00C04F79EFBC}") = "02. HTMLDispetcher", "02. HTMLDispetcher\02. HTMLDispetcher.csproj", "{1CFB97E0-03BB-48BC-96D5-5AC60DDF8C63}"
EndProject
Global
	GlobalSection(SolutionConfigurationPlatforms) = preSolution
		Debug|Any CPU = Debug|Any CPU
		Release|Any CPU = Release|Any CPU
	EndGlobalSection
	GlobalSection(ProjectConfigurationPlatforms) = postSolution
		{C5316579-AF4E-4DD4-94D1-FB1A1FB90683}.Debug|Any CPU.ActiveCfg = Debug|Any CPU
		{C5316579-AF4E-4DD4-94D1-FB1A1FB90683}.Debug|Any CPU.Build.0 = Debug|Any CPU
		{C5316579-AF4E-4DD4-94D1-FB1A1FB90683}.Release|Any CPU.ActiveCfg = Release|Any CPU
		{C5316579-AF4E-4DD4-94D1-FB1A1FB90683}.Release|Any CPU.Build.0 = Release|Any CPU
		{1CFB97E0-03BB-48BC-96D5-5AC60DDF8C63}.Debug|Any CPU.ActiveCfg = Debug|Any CPU
		{1CFB97E0-03BB-48BC-96D5-5AC60DDF8C63}.Debug|Any CPU.Build.0 = Debug|Any CPU
		{1CFB97E0-03BB-48BC-96D5-5AC60DDF8C63}.Release|Any CPU.ActiveCfg = Release|Any CPU
		{1CFB97E0-03BB-48BC-96D5-5AC60DDF8C63}.Release|Any CPU.Build.0 = Release|Any CPU
	EndGlobalSection
	GlobalSection(SolutionProperties) = preSolution
		HideSolutionNode = FALSE
	EndGlobalSection
EndGlobal
